
Microsoft Visual Studio Solution File, Format Version 12.00
# Visual Studio Version 16
VisualStudioVersion = 16.0.30517.126
MinimumVisualStudioVersion = 15.0.26124.0
Project("{9A19103F-16F7-4668-BE54-9A1E7A4F7556}") = "Utility-Blazor", "Utility-Blazor\Utility-Blazor.csproj", "{C7869C5E-48B0-484D-A634-AEE8595462AF}"
EndProject
Project("{FAE04EC0-301F-11D3-BF4B-00C04F79EFBC}") = "Utility-Blazor.Test", "Utility-Blazor.Test\Utility-Blazor.Test.csproj", "{FCFBE71F-3D42-41E6-B374-C28E1228A2CA}"
EndProject
Global
	GlobalSection(SolutionConfigurationPlatforms) = preSolution
		Debug|Any CPU = Debug|Any CPU
		Debug|x64 = Debug|x64
		Debug|x86 = Debug|x86
		Release|Any CPU = Release|Any CPU
		Release|x64 = Release|x64
		Release|x86 = Release|x86
	EndGlobalSection
	GlobalSection(ProjectConfigurationPlatforms) = postSolution
		{C7869C5E-48B0-484D-A634-AEE8595462AF}.Debug|Any CPU.ActiveCfg = Debug|Any CPU
		{C7869C5E-48B0-484D-A634-AEE8595462AF}.Debug|Any CPU.Build.0 = Debug|Any CPU
		{C7869C5E-48B0-484D-A634-AEE8595462AF}.Debug|x64.ActiveCfg = Debug|Any CPU
		{C7869C5E-48B0-484D-A634-AEE8595462AF}.Debug|x64.Build.0 = Debug|Any CPU
		{C7869C5E-48B0-484D-A634-AEE8595462AF}.Debug|x86.ActiveCfg = Debug|Any CPU
		{C7869C5E-48B0-484D-A634-AEE8595462AF}.Debug|x86.Build.0 = Debug|Any CPU
		{C7869C5E-48B0-484D-A634-AEE8595462AF}.Release|Any CPU.ActiveCfg = Release|Any CPU
		{C7869C5E-48B0-484D-A634-AEE8595462AF}.Release|Any CPU.Build.0 = Release|Any CPU
		{C7869C5E-48B0-484D-A634-AEE8595462AF}.Release|x64.ActiveCfg = Release|Any CPU
		{C7869C5E-48B0-484D-A634-AEE8595462AF}.Release|x64.Build.0 = Release|Any CPU
		{C7869C5E-48B0-484D-A634-AEE8595462AF}.Release|x86.ActiveCfg = Release|Any CPU
		{C7869C5E-48B0-484D-A634-AEE8595462AF}.Release|x86.Build.0 = Release|Any CPU
		{FCFBE71F-3D42-41E6-B374-C28E1228A2CA}.Debug|Any CPU.ActiveCfg = Debug|Any CPU
		{FCFBE71F-3D42-41E6-B374-C28E1228A2CA}.Debug|Any CPU.Build.0 = Debug|Any CPU
		{FCFBE71F-3D42-41E6-B374-C28E1228A2CA}.Debug|x64.ActiveCfg = Debug|Any CPU
		{FCFBE71F-3D42-41E6-B374-C28E1228A2CA}.Debug|x64.Build.0 = Debug|Any CPU
		{FCFBE71F-3D42-41E6-B374-C28E1228A2CA}.Debug|x86.ActiveCfg = Debug|Any CPU
		{FCFBE71F-3D42-41E6-B374-C28E1228A2CA}.Debug|x86.Build.0 = Debug|Any CPU
		{FCFBE71F-3D42-41E6-B374-C28E1228A2CA}.Release|Any CPU.ActiveCfg = Release|Any CPU
		{FCFBE71F-3D42-41E6-B374-C28E1228A2CA}.Release|Any CPU.Build.0 = Release|Any CPU
		{FCFBE71F-3D42-41E6-B374-C28E1228A2CA}.Release|x64.ActiveCfg = Release|Any CPU
		{FCFBE71F-3D42-41E6-B374-C28E1228A2CA}.Release|x64.Build.0 = Release|Any CPU
		{FCFBE71F-3D42-41E6-B374-C28E1228A2CA}.Release|x86.ActiveCfg = Release|Any CPU
		{FCFBE71F-3D42-41E6-B374-C28E1228A2CA}.Release|x86.Build.0 = Release|Any CPU
	EndGlobalSection
	GlobalSection(SolutionProperties) = preSolution
		HideSolutionNode = FALSE
	EndGlobalSection
	GlobalSection(ExtensibilityGlobals) = postSolution
		SolutionGuid = {3F67BF1A-86E7-4CB7-9FE8-C56C783E6F08}
	EndGlobalSection
EndGlobal
